
Microsoft Visual Studio Solution File, Format Version 12.00
# Visual Studio Version 16
VisualStudioVersion = 16.0.31005.135
MinimumVisualStudioVersion = 10.0.40219.1
Project("{FAE04EC0-301F-11D3-BF4B-00C04F79EFBC}") = "SimpleRegistry.Api", "SimpleRegistry.Api\SimpleRegistry.Api.csproj", "{5AC3A7F2-62FB-4F8D-9A7C-D9F99D286948}"
EndProject
Project("{FAE04EC0-301F-11D3-BF4B-00C04F79EFBC}") = "User.Api", "User.Api\User.Api.csproj", "{5AF663A5-AC91-4563-9D82-863D7966A1C3}"
EndProject
Global
	GlobalSection(SolutionConfigurationPlatforms) = preSolution
		Debug|Any CPU = Debug|Any CPU
		Release|Any CPU = Release|Any CPU
	EndGlobalSection
	GlobalSection(ProjectConfigurationPlatforms) = postSolution
		{5AC3A7F2-62FB-4F8D-9A7C-D9F99D286948}.Debug|Any CPU.ActiveCfg = Debug|Any CPU
		{5AC3A7F2-62FB-4F8D-9A7C-D9F99D286948}.Debug|Any CPU.Build.0 = Debug|Any CPU
		{5AC3A7F2-62FB-4F8D-9A7C-D9F99D286948}.Release|Any CPU.ActiveCfg = Release|Any CPU
		{5AC3A7F2-62FB-4F8D-9A7C-D9F99D286948}.Release|Any CPU.Build.0 = Release|Any CPU
		{5AF663A5-AC91-4563-9D82-863D7966A1C3}.Debug|Any CPU.ActiveCfg = Debug|Any CPU
		{5AF663A5-AC91-4563-9D82-863D7966A1C3}.Debug|Any CPU.Build.0 = Debug|Any CPU
		{5AF663A5-AC91-4563-9D82-863D7966A1C3}.Release|Any CPU.ActiveCfg = Release|Any CPU
		{5AF663A5-AC91-4563-9D82-863D7966A1C3}.Release|Any CPU.Build.0 = Release|Any CPU
	EndGlobalSection
	GlobalSection(SolutionProperties) = preSolution
		HideSolutionNode = FALSE
	EndGlobalSection
	GlobalSection(ExtensibilityGlobals) = postSolution
		SolutionGuid = {A5000668-446A-4372-A55D-9558A0516413}
	EndGlobalSection
EndGlobal
